# This file is automatically @generated by Cargo.
# It is not intended for manual editing.
version = 4

[[package]]
name = "neutral-bench"
version = "0.1.0"

[[package]]
name = "neutral-cli"
version = "0.1.0"
dependencies = [
 "neutral-compiler",
 "neutral-core",
 "neutral-reader",
]

[[package]]
name = "neutral-compiler"
version = "0.1.0"
dependencies = [
 "neutral-core",
 "neutral-ir",
 "neutral-vocabulary",
]

[[package]]
name = "neutral-core"
version = "0.1.0"

[[package]]
name = "neutral-ir"
version = "0.1.0"
dependencies = [
 "neutral-core",
]

[[package]]
name = "neutral-probe"
version = "0.1.0"
dependencies = [
 "neutral-core",
 "neutral-reader",
]

[[package]]
name = "neutral-reader"
version = "0.1.0"
dependencies = [
 "neutral-core",
 "neutral-ir",
 "neutral-vocabulary",
]

[[package]]
name = "neutral-test-suite"
version = "0.1.0"

[[package]]
name = "neutral-test-support"
version = "0.1.0"

[[package]]
name = "neutral-vocabulary"
version = "0.1.0"
dependencies = [
 "neutral-core",
 "neutral-ir",
]

[[package]]
name = "xtask"
version = "0.1.0"
